
Microsoft Visual Studio Solution File, Format Version 12.00
# Visual Studio Version 17
VisualStudioVersion = 17.0.31919.166
MinimumVisualStudioVersion = 10.0.40219.1
Project("{9A19103F-16F7-4668-BE54-9A1E7A4F7556}") = "CompanyManager.Server", "CompanyManager\Server\CompanyManager.Server.csproj", "{226AFB2D-8959-46F1-9292-0E0E00A2AEA4}"
EndProject
Project("{9A19103F-16F7-4668-BE54-9A1E7A4F7556}") = "CompanyManager.Client", "CompanyManager\Client\CompanyManager.Client.csproj", "{1D5C5ABD-C551-4D4A-85F2-91D1F1A85172}"
EndProject
Project("{9A19103F-16F7-4668-BE54-9A1E7A4F7556}") = "CompanyManager.Shared", "CompanyManager\Shared\CompanyManager.Shared.csproj", "{EBCA5744-5C89-43EE-AAF7-B7B568185EEE}"
EndProject
Global
	GlobalSection(SolutionConfigurationPlatforms) = preSolution
		Debug|Any CPU = Debug|Any CPU
		Release|Any CPU = Release|Any CPU
	EndGlobalSection
	GlobalSection(ProjectConfigurationPlatforms) = postSolution
		{226AFB2D-8959-46F1-9292-0E0E00A2AEA4}.Debug|Any CPU.ActiveCfg = Debug|Any CPU
		{226AFB2D-8959-46F1-9292-0E0E00A2AEA4}.Debug|Any CPU.Build.0 = Debug|Any CPU
		{226AFB2D-8959-46F1-9292-0E0E00A2AEA4}.Release|Any CPU.ActiveCfg = Release|Any CPU
		{226AFB2D-8959-46F1-9292-0E0E00A2AEA4}.Release|Any CPU.Build.0 = Release|Any CPU
		{1D5C5ABD-C551-4D4A-85F2-91D1F1A85172}.Debug|Any CPU.ActiveCfg = Debug|Any CPU
		{1D5C5ABD-C551-4D4A-85F2-91D1F1A85172}.Debug|Any CPU.Build.0 = Debug|Any CPU
		{1D5C5ABD-C551-4D4A-85F2-91D1F1A85172}.Release|Any CPU.ActiveCfg = Release|Any CPU
		{1D5C5ABD-C551-4D4A-85F2-91D1F1A85172}.Release|Any CPU.Build.0 = Release|Any CPU
		{EBCA5744-5C89-43EE-AAF7-B7B568185EEE}.Debug|Any CPU.ActiveCfg = Debug|Any CPU
		{EBCA5744-5C89-43EE-AAF7-B7B568185EEE}.Debug|Any CPU.Build.0 = Debug|Any CPU
		{EBCA5744-5C89-43EE-AAF7-B7B568185EEE}.Release|Any CPU.ActiveCfg = Release|Any CPU
		{EBCA5744-5C89-43EE-AAF7-B7B568185EEE}.Release|Any CPU.Build.0 = Release|Any CPU
	EndGlobalSection
	GlobalSection(SolutionProperties) = preSolution
		HideSolutionNode = FALSE
	EndGlobalSection
	GlobalSection(ExtensibilityGlobals) = postSolution
		SolutionGuid = {82411918-C4F8-490E-9AE3-E7AB5CB9B441}
	EndGlobalSection
EndGlobal
